
Microsoft Visual Studio Solution File, Format Version 12.00
# Visual Studio Version 17
VisualStudioVersion = 17.0.31903.59
MinimumVisualStudioVersion = 10.0.40219.1
Project("{FAE04EC0-301F-11D3-BF4B-00C04F79EFBC}") = "TAEssentials.BE", "TAEssentials.BE\TAEssentials.BE.csproj", "{162AFC2E-2420-4C66-874B-BADB56301B86}"
EndProject
Project("{FAE04EC0-301F-11D3-BF4B-00C04F79EFBC}") = "TAEssentials.UI", "TAEssentials.UI\TAEssentials.UI.csproj", "{D69C45C4-FCBD-45DE-A4D1-0043E314DED2}"
EndProject
Global
	GlobalSection(SolutionConfigurationPlatforms) = preSolution
		Debug|Any CPU = Debug|Any CPU
		Release|Any CPU = Release|Any CPU
	EndGlobalSection
	GlobalSection(SolutionProperties) = preSolution
		HideSolutionNode = FALSE
	EndGlobalSection
	GlobalSection(ProjectConfigurationPlatforms) = postSolution
		{162AFC2E-2420-4C66-874B-BADB56301B86}.Debug|Any CPU.ActiveCfg = Debug|Any CPU
		{162AFC2E-2420-4C66-874B-BADB56301B86}.Debug|Any CPU.Build.0 = Debug|Any CPU
		{162AFC2E-2420-4C66-874B-BADB56301B86}.Release|Any CPU.ActiveCfg = Release|Any CPU
		{162AFC2E-2420-4C66-874B-BADB56301B86}.Release|Any CPU.Build.0 = Release|Any CPU
		{D69C45C4-FCBD-45DE-A4D1-0043E314DED2}.Debug|Any CPU.ActiveCfg = Debug|Any CPU
		{D69C45C4-FCBD-45DE-A4D1-0043E314DED2}.Debug|Any CPU.Build.0 = Debug|Any CPU
		{D69C45C4-FCBD-45DE-A4D1-0043E314DED2}.Release|Any CPU.ActiveCfg = Release|Any CPU
		{D69C45C4-FCBD-45DE-A4D1-0043E314DED2}.Release|Any CPU.Build.0 = Release|Any CPU
	EndGlobalSection
EndGlobal
